// !$*UTF8*$!
{
	archiveVersion = 1;
	classes = {
	};
	objectVersion = 46;
	objects = {

/* Begin PBXBuildFile section */
		C3EE328D1D2EAB5E00BE8F50 /* AppDelegate.swift in Sources */ = {isa = PBXBuildFile; fileRef = C3EE328C1D2EAB5E00BE8F50 /* AppDelegate.swift */; };
		C3EE328F1D2EAB5E00BE8F50 /* ViewController.swift in Sources */ = {isa = PBXBuildFile; fileRef = C3EE328E1D2EAB5E00BE8F50 /* ViewController.swift */; };
		C3EE32921D2EAB5F00BE8F50 /* Main.storyboard in Resources */ = {isa = PBXBuildFile; fileRef = C3EE32901D2EAB5F00BE8F50 /* Main.storyboard */; };
		C3EE32941D2EAB6000BE8F50 /* Assets.xcassets in Resources */ = {isa = PBXBuildFile; fileRef = C3EE32931D2EAB6000BE8F50 /* Assets.xcassets */; };
		C3EE32971D2EAB6000BE8F50 /* LaunchScreen.storyboard in Resources */ = {isa = PBXBuildFile; fileRef = C3EE32951D2EAB6000BE8F50 /* LaunchScreen.storyboard */; };
		C3EE32A21D2EAB6000BE8F50 /* MemeMe_App_SampleTests.swift in Sources */ = {isa = PBXBuildFile; fileRef = C3EE32A11D2EAB6000BE8F50 /* MemeMe_App_SampleTests.swift */; };
		C3EE32AD1D2EAB6000BE8F50 /* MemeMe_App_SampleUITests.swift in Sources */ = {isa = PBXBuildFile; fileRef = C3EE32AC1D2EAB6000BE8F50 /* MemeMe_App_SampleUITests.swift */; };
/* End PBXBuildFile section */

/* Begin PBXContainerItemProxy section */
		C3EE329E1D2EAB6000BE8F50 /* PBXContainerItemProxy */ = {
			isa = PBXContainerItemProxy;
			containerPortal = C3EE32811D2EAB5E00BE8F50 /* Project object */;
			proxyType = 1;
			remoteGlobalIDString = C3EE32881D2EAB5E00BE8F50;
			remoteInfo = "MemeMe App Sample";
		};
		C3EE32A91D2EAB6000BE8F50 /* PBXContainerItemProxy */ = {
			isa = PBXContainerItemProxy;
			containerPortal = C3EE32811D2EAB5E00BE8F50 /* Project object */;
			proxyType = 1;
			remoteGlobalIDString = C3EE32881D2EAB5E00BE8F50;
			remoteInfo = "MemeMe App Sample";
		};
/* End PBXContainerItemProxy section */

/* Begin PBXFileReference section */
		C3EE32891D2EAB5E00BE8F50 /* MemeMe App Sample.app */ = {isa = PBXFileReference; explicitFileType = wrapper.application; includeInIndex = 0; path = "MemeMe App Sample.app"; sourceTree = BUILT_PRODUCTS_DIR; };
		C3EE328C1D2EAB5E00BE8F50 /* AppDelegate.swift */ = {isa = PBXFileReference; lastKnownFileType = sourcecode.swift; path = AppDelegate.swift; sourceTree = "<group>"; };
		C3EE328E1D2EAB5E00BE8F50 /* ViewController.swift */ = {isa = PBXFileReference; lastKnownFileType = sourcecode.swift; path = ViewController.swift; sourceTree = "<group>"; };
		C3EE32911D2EAB5F00BE8F50 /* Base */ = {isa = PBXFileReference; lastKnownFileType = file.storyboard; name = Base; path = Base.lproj/Main.storyboard; sourceTree = "<group>"; };
		C3EE32931D2EAB6000BE8F50 /* Assets.xcassets */ = {isa = PBXFileReference; lastKnownFileType = folder.assetcatalog; path = Assets.xcassets; sourceTree = "<group>"; };
		C3EE32961D2EAB6000BE8F50 /* Base */ = {isa = PBXFileReference; lastKnownFileType = file.storyboard; name = Base; path = Base.lproj/LaunchScreen.storyboard; sourceTree = "<group>"; };
		C3EE32981D2EAB6000BE8F50 /* Info.plist */ = {isa = PBXFileReference; lastKnownFileType = text.plist.xml; path = Info.plist; sourceTree = "<group>"; };
		C3EE329D1D2EAB6000BE8F50 /* MemeMe App SampleTests.xctest */ = {isa = PBXFileReference; explicitFileType = wrapper.cfbundle; includeInIndex = 0; path = "MemeMe App SampleTests.xctest"; sourceTree = BUILT_PRODUCTS_DIR; };
		C3EE32A11D2EAB6000BE8F50 /* MemeMe_App_SampleTests.swift */ = {isa = PBXFileReference; lastKnownFileType = sourcecode.swift; path = MemeMe_App_SampleTests.swift; sourceTree = "<group>"; };
		C3EE32A31D2EAB6000BE8F50 /* Info.plist */ = {isa = PBXFileReference; lastKnownFileType = text.plist.xml; path = Info.plist; sourceTree = "<group>"; };
		C3EE32A81D2EAB6000BE8F50 /* MemeMe App SampleUITests.xctest */ = {isa = PBXFileReference; explicitFileType = wrapper.cfbundle; includeInIndex = 0; path = "MemeMe App SampleUITests.xctest"; sourceTree = BUILT_PRODUCTS_DIR; };
		C3EE32AC1D2EAB6000BE8F50 /* MemeMe_App_SampleUITests.swift */ = {isa = PBXFileReference; lastKnownFileType = sourcecode.swift; path = MemeMe_App_SampleUITests.swift; sourceTree = "<group>"; };
		C3EE32AE1D2EAB6000BE8F50 /* Info.plist */ = {isa = PBXFileReference; lastKnownFileType = text.plist.xml; path = Info.plist; sourceTree = "<group>"; };
/* End PBXFileReference section */

/* Begin PBXFrameworksBuildPhase section */
		C3EE32861D2EAB5E00BE8F50 /* Frameworks */ = {
			isa = PBXFrameworksBuildPhase;
			buildActionMask = 2147483647;
			files = (
			);
			runOnlyForDeploymentPostprocessing = 0;
		};
		C3EE329A1D2EAB6000BE8F50 /* Frameworks */ = {
			isa = PBXFrameworksBuildPhase;
			buildActionMask = 2147483647;
			files = (
			);
			runOnlyForDeploymentPostprocessing = 0;
		};
		C3EE32A51D2EAB6000BE8F50 /* Frameworks */ = {
			isa = PBXFrameworksBuildPhase;
			buildActionMask = 2147483647;
			files = (
			);
			runOnlyForDeploymentPostprocessing = 0;
		};
/* End PBXFrameworksBuildPhase section */

/* Begin PBXGroup section */
		C3EE32801D2EAB5E00BE8F50 = {
			isa = PBXGroup;
			children = (
				C3EE328B1D2EAB5E00BE8F50 /* MemeMe App Sample */,
				C3EE32A01D2EAB6000BE8F50 /* MemeMe App SampleTests */,
				C3EE32AB1D2EAB6000BE8F50 /* MemeMe App SampleUITests */,
				C3EE328A1D2EAB5E00BE8F50 /* Products */,
			);
			sourceTree = "<group>";
		};
		C3EE328A1D2EAB5E00BE8F50 /* Products */ = {
			isa = PBXGroup;
			children = (
				C3EE32891D2EAB5E00BE8F50 /* MemeMe App Sample.app */,
				C3EE329D1D2EAB6000BE8F50 /* MemeMe App SampleTests.xctest */,
				C3EE32A81D2EAB6000BE8F50 /* MemeMe App SampleUITests.xctest */,
			);
			name = Products;
			sourceTree = "<group>";
		};
		C3EE328B1D2EAB5E00BE8F50 /* MemeMe App Sample */ = {
			isa = PBXGroup;
			children = (
				C3EE328C1D2EAB5E00BE8F50 /* AppDelegate.swift */,
				C3EE328E1D2EAB5E00BE8F50 /* ViewController.swift */,
				C3EE32901D2EAB5F00BE8F50 /* Main.storyboard */,
				C3EE32931D2EAB6000BE8F50 /* Assets.xcassets */,
				C3EE32951D2EAB6000BE8F50 /* LaunchScreen.storyboard */,
				C3EE32981D2EAB6000BE8F50 /* Info.plist */,
			);
			path = "MemeMe App Sample";
			sourceTree = "<group>";
		};
		C3EE32A01D2EAB6000BE8F50 /* MemeMe App SampleTests */ = {
			isa = PBXGroup;
			children = (
				C3EE32A11D2EAB6000BE8F50 /* MemeMe_App_SampleTests.swift */,
				C3EE32A31D2EAB6000BE8F50 /* Info.plist */,
			);
			path = "MemeMe App SampleTests";
			sourceTree = "<group>";
		};
		C3EE32AB1D2EAB6000BE8F50 /* MemeMe App SampleUITests */ = {
			isa = PBXGroup;
			children = (
				C3EE32AC1D2EAB6000BE8F50 /* MemeMe_App_SampleUITests.swift */,
				C3EE32AE1D2EAB6000BE8F50 /* Info.plist */,
			);
			path = "MemeMe App SampleUITests";
			sourceTree = "<group>";
		};
/* End PBXGroup section */

/* Begin PBXNativeTarget section */
		C3EE32881D2EAB5E00BE8F50 /* MemeMe App Sample */ = {
			isa = PBXNativeTarget;
			buildConfigurationList = C3EE32B11D2EAB6000BE8F50 /* Build configuration list for PBXNativeTarget "MemeMe App Sample" */;
			buildPhases = (
				C3EE32851D2EAB5E00BE8F50 /* Sources */,
				C3EE32861D2EAB5E00BE8F50 /* Frameworks */,
				C3EE32871D2EAB5E00BE8F50 /* Resources */,
			);
			buildRules = (
			);
			dependencies = (
			);
			name = "MemeMe App Sample";
			productName = "MemeMe App Sample";
			productReference = C3EE32891D2EAB5E00BE8F50 /* MemeMe App Sample.app */;
			productType = "com.apple.product-type.application";
		};
		C3EE329C1D2EAB6000BE8F50 /* MemeMe App SampleTests */ = {
			isa = PBXNativeTarget;
			buildConfigurationList = C3EE32B41D2EAB6000BE8F50 /* Build configuration list for PBXNativeTarget "MemeMe App SampleTests" */;
			buildPhases = (
				C3EE32991D2EAB6000BE8F50 /* Sources */,
				C3EE329A1D2EAB6000BE8F50 /* Frameworks */,
				C3EE329B1D2EAB6000BE8F50 /* Resources */,
			);
			buildRules = (
			);
			dependencies = (
				C3EE329F1D2EAB6000BE8F50 /* PBXTargetDependency */,
			);
			name = "MemeMe App SampleTests";
			productName = "MemeMe App SampleTests";
			productReference = C3EE329D1D2EAB6000BE8F50 /* MemeMe App SampleTests.xctest */;
			productType = "com.apple.product-type.bundle.unit-test";
		};
		C3EE32A71D2EAB6000BE8F50 /* MemeMe App SampleUITests */ = {
			isa = PBXNativeTarget;
			buildConfigurationList = C3EE32B71D2EAB6100BE8F50 /* Build configuration list for PBXNativeTarget "MemeMe App SampleUITests" */;
			buildPhases = (
				C3EE32A41D2EAB6000BE8F50 /* Sources */,
				C3EE32A51D2EAB6000BE8F50 /* Frameworks */,
				C3EE32A61D2EAB6000BE8F50 /* Resources */,
			);
			buildRules = (
			);
			dependencies = (
				C3EE32AA1D2EAB6000BE8F50 /* PBXTargetDependency */,
			);
			name = "MemeMe App SampleUITests";
			productName = "MemeMe App SampleUITests";
			productReference = C3EE32A81D2EAB6000BE8F50 /* MemeMe App SampleUITests.xctest */;
			productType = "com.apple.product-type.bundle.ui-testing";
		};
/* End PBXNativeTarget section */

/* Begin PBXProject section */
		C3EE32811D2EAB5E00BE8F50 /* Project object */ = {
			isa = PBXProject;
			attributes = {
				LastSwiftUpdateCheck = 0730;
				LastUpgradeCheck = 0730;
				ORGANIZATIONNAME = "Louise Perez";
				TargetAttributes = {
					C3EE32881D2EAB5E00BE8F50 = {
						CreatedOnToolsVersion = 7.3.1;
					};
					C3EE329C1D2EAB6000BE8F50 = {
						CreatedOnToolsVersion = 7.3.1;
						TestTargetID = C3EE32881D2EAB5E00BE8F50;
					};
					C3EE32A71D2EAB6000BE8F50 = {
						CreatedOnToolsVersion = 7.3.1;
						TestTargetID = C3EE32881D2EAB5E00BE8F50;
					};
				};
			};
			buildConfigurationList = C3EE32841D2EAB5E00BE8F50 /* Build configuration list for PBXProject "MemeMe App Sample" */;
			compatibilityVersion = "Xcode 3.2";
			developmentRegion = English;
			hasScannedForEncodings = 0;
			knownRegions = (
				en,
				Base,
			);
			mainGroup = C3EE32801D2EAB5E00BE8F50;
			productRefGroup = C3EE328A1D2EAB5E00BE8F50 /* Products */;
			projectDirPath = "";
			projectRoot = "";
			targets = (
				C3EE32881D2EAB5E00BE8F50 /* MemeMe App Sample */,
				C3EE329C1D2EAB6000BE8F50 /* MemeMe App SampleTests */,
				C3EE32A71D2EAB6000BE8F50 /* MemeMe App SampleUITests */,
			);
		};
/* End PBXProject section */

/* Begin PBXResourcesBuildPhase section */
		C3EE32871D2EAB5E00BE8F50 /* Resources */ = {
			isa = PBXResourcesBuildPhase;
			buildActionMask = 2147483647;
			files = (
				C3EE32971D2EAB6000BE8F50 /* LaunchScreen.storyboard in Resources */,
				C3EE32941D2EAB6000BE8F50 /* Assets.xcassets in Resources */,
				C3EE32921D2EAB5F00BE8F50 /* Main.storyboard in Resources */,
			);
			runOnlyForDeploymentPostprocessing = 0;
		};
		C3EE329B1D2EAB6000BE8F50 /* Resources */ = {
			isa = PBXResourcesBuildPhase;
			buildActionMask = 2147483647;
			files = (
			);
			runOnlyForDeploymentPostprocessing = 0;
		};
		C3EE32A61D2EAB6000BE8F50 /* Resources */ = {
			isa = PBXResourcesBuildPhase;
			buildActionMask = 2147483647;
			files = (
			);
			runOnlyForDeploymentPostprocessing = 0;
		};
/* End PBXResourcesBuildPhase section */

/* Begin PBXSourcesBuildPhase section */
		C3EE32851D2EAB5E00BE8F50 /* Sources */ = {
			isa = PBXSourcesBuildPhase;
			buildActionMask = 2147483647;
			files = (
				C3EE328F1D2EAB5E00BE8F50 /* ViewController.swift in Sources */,
				C3EE328D1D2EAB5E00BE8F50 /* AppDelegate.swift in Sources */,
			);
			runOnlyForDeploymentPostprocessing = 0;
		};
		C3EE32991D2EAB6000BE8F50 /* Sources */ = {
			isa = PBXSourcesBuildPhase;
			buildActionMask = 2147483647;
			files = (
				C3EE32A21D2EAB6000BE8F50 /* MemeMe_App_SampleTests.swift in Sources */,
			);
			runOnlyForDeploymentPostprocessing = 0;
		};
		C3EE32A41D2EAB6000BE8F50 /* Sources */ = {
			isa = PBXSourcesBuildPhase;
			buildActionMask = 2147483647;
			files = (
				C3EE32AD1D2EAB6000BE8F50 /* MemeMe_App_SampleUITests.swift in Sources */,
			);
			runOnlyForDeploymentPostprocessing = 0;
		};
/* End PBXSourcesBuildPhase section */

/* Begin PBXTargetDependency section */
		C3EE329F1D2EAB6000BE8F50 /* PBXTargetDependency */ = {
			isa = PBXTargetDependency;
			target = C3EE32881D2EAB5E00BE8F50 /* MemeMe App Sample */;
			targetProxy = C3EE329E1D2EAB6000BE8F50 /* PBXContainerItemProxy */;
		};
		C3EE32AA1D2EAB6000BE8F50 /* PBXTargetDependency */ = {
			isa = PBXTargetDependency;
			target = C3EE32881D2EAB5E00BE8F50 /* MemeMe App Sample */;
			targetProxy = C3EE32A91D2EAB6000BE8F50 /* PBXContainerItemProxy */;
		};
/* End PBXTargetDependency section */

/* Begin PBXVariantGroup section */
		C3EE32901D2EAB5F00BE8F50 /* Main.storyboard */ = {
			isa = PBXVariantGroup;
			children = (
				C3EE32911D2EAB5F00BE8F50 /* Base */,
			);
			name = Main.storyboard;
			sourceTree = "<group>";
		};
		C3EE32951D2EAB6000BE8F50 /* LaunchScreen.storyboard */ = {
			isa = PBXVariantGroup;
			children = (
				C3EE32961D2EAB6000BE8F50 /* Base */,
			);
			name = LaunchScreen.storyboard;
			sourceTree = "<group>";
		};
/* End PBXVariantGroup section */

/* Begin XCBuildConfiguration section */
		C3EE32AF1D2EAB6000BE8F50 /* Debug */ = {
			isa = XCBuildConfiguration;
			buildSettings = {
				ALWAYS_SEARCH_USER_PATHS = NO;
				CLANG_ANALYZER_NONNULL = YES;
				CLANG_CXX_LANGUAGE_STANDARD = "gnu++0x";
				CLANG_CXX_LIBRARY = "libc++";
				CLANG_ENABLE_MODULES = YES;
				CLANG_ENABLE_OBJC_ARC = YES;
				CLANG_WARN_BOOL_CONVERSION = YES;
				CLANG_WARN_CONSTANT_CONVERSION = YES;
				CLANG_WARN_DIRECT_OBJC_ISA_USAGE = YES_ERROR;
				CLANG_WARN_EMPTY_BODY = YES;
				CLANG_WARN_ENUM_CONVERSION = YES;
				CLANG_WARN_INT_CONVERSION = YES;
				CLANG_WARN_OBJC_ROOT_CLASS = YES_ERROR;
				CLANG_WARN_UNREACHABLE_CODE = YES;
				CLANG_WARN__DUPLICATE_METHOD_MATCH = YES;
				"CODE_SIGN_IDENTITY[sdk=iphoneos*]" = "iPhone Developer";
				COPY_PHASE_STRIP = NO;
				DEBUG_INFORMATION_FORMAT = dwarf;
				ENABLE_STRICT_OBJC_MSGSEND = YES;
				ENABLE_TESTABILITY = YES;
				GCC_C_LANGUAGE_STANDARD = gnu99;
				GCC_DYNAMIC_NO_PIC = NO;
				GCC_NO_COMMON_BLOCKS = YES;
				GCC_OPTIMIZATION_LEVEL = 0;
				GCC_PREPROCESSOR_DEFINITIONS = (
					"DEBUG=1",
					"$(inherited)",
				);
				GCC_WARN_64_TO_32_BIT_CONVERSION = YES;
				GCC_WARN_ABOUT_RETURN_TYPE = YES_ERROR;
				GCC_WARN_UNDECLARED_SELECTOR = YES;
				GCC_WARN_UNINITIALIZED_AUTOS = YES_AGGRESSIVE;
				GCC_WARN_UNUSED_FUNCTION = YES;
				GCC_WARN_UNUSED_VARIABLE = YES;
				IPHONEOS_DEPLOYMENT_TARGET = 9.3;
				MTL_ENABLE_DEBUG_INFO = YES;
				ONLY_ACTIVE_ARCH = YES;
				SDKROOT = iphoneos;
				SWIFT_OPTIMIZATION_LEVEL = "-Onone";
				TARGETED_DEVICE_FAMILY = "1,2";
			};
			name = Debug;
		};
		C3EE32B01D2EAB6000BE8F50 /* Release */ = {
			isa = XCBuildConfiguration;
			buildSettings = {
				ALWAYS_SEARCH_USER_PATHS = NO;
				CLANG_ANALYZER_NONNULL = YES;
				CLANG_CXX_LANGUAGE_STANDARD = "gnu++0x";
				CLANG_CXX_LIBRARY = "libc++";
				CLANG_ENABLE_MODULES = YES;
				CLANG_ENABLE_OBJC_ARC = YES;
				CLANG_WARN_BOOL_CONVERSION = YES;
				CLANG_WARN_CONSTANT_CONVERSION = YES;
				CLANG_WARN_DIRECT_OBJC_ISA_USAGE = YES_ERROR;
				CLANG_WARN_EMPTY_BODY = YES;
				CLANG_WARN_ENUM_CONVERSION = YES;
				CLANG_WARN_INT_CONVERSION = YES;
				CLANG_WARN_OBJC_ROOT_CLASS = YES_ERROR;
				CLANG_WARN_UNREACHABLE_CODE = YES;
				CLANG_WARN__DUPLICATE_METHOD_MATCH = YES;
				"CODE_SIGN_IDENTITY[sdk=iphoneos*]" = "iPhone Developer";
				COPY_PHASE_STRIP = NO;
				DEBUG_INFORMATION_FORMAT = "dwarf-with-dsym";
				ENABLE_NS_ASSERTIONS = NO;
				ENABLE_STRICT_OBJC_MSGSEND = YES;
				GCC_C_LANGUAGE_STANDARD = gnu99;
				GCC_NO_COMMON_BLOCKS = YES;
				GCC_WARN_64_TO_32_BIT_CONVERSION = YES;
				GCC_WARN_ABOUT_RETURN_TYPE = YES_ERROR;
				GCC_WARN_UNDECLARED_SELECTOR = YES;
				GCC_WARN_UNINITIALIZED_AUTOS = YES_AGGRESSIVE;
				GCC_WARN_UNUSED_FUNCTION = YES;
				GCC_WARN_UNUSED_VARIABLE = YES;
				IPHONEOS_DEPLOYMENT_TARGET = 9.3;
				MTL_ENABLE_DEBUG_INFO = NO;
				SDKROOT = iphoneos;
				TARGETED_DEVICE_FAMILY = "1,2";
				VALIDATE_PRODUCT = YES;
			};
			name = Release;
		};
		C3EE32B21D2EAB6000BE8F50 /* Debug */ = {
			isa = XCBuildConfiguration;
			buildSettings = {
				ASSETCATALOG_COMPILER_APPICON_NAME = AppIcon;
				INFOPLIST_FILE = "MemeMe App Sample/Info.plist";
				LD_RUNPATH_SEARCH_PATHS = "$(inherited) @executable_path/Frameworks";
				PRODUCT_BUNDLE_IDENTIFIER = "Louise.MemeMe-App-Sample";
				PRODUCT_NAME = "$(TARGET_NAME)";
			};
			name = Debug;
		};
		C3EE32B31D2EAB6000BE8F50 /* Release */ = {
			isa = XCBuildConfiguration;
			buildSettings = {
				ASSETCATALOG_COMPILER_APPICON_NAME = AppIcon;
				INFOPLIST_FILE = "MemeMe App Sample/Info.plist";
				LD_RUNPATH_SEARCH_PATHS = "$(inherited) @executable_path/Frameworks";
				PRODUCT_BUNDLE_IDENTIFIER = "Louise.MemeMe-App-Sample";
				PRODUCT_NAME = "$(TARGET_NAME)";
			};
			name = Release;
		};
		C3EE32B51D2EAB6000BE8F50 /* Debug */ = {
			isa = XCBuildConfiguration;
			buildSettings = {
				BUNDLE_LOADER = "$(TEST_HOST)";
				INFOPLIST_FILE = "MemeMe App SampleTests/Info.plist";
				LD_RUNPATH_SEARCH_PATHS = "$(inherited) @executable_path/Frameworks @loader_path/Frameworks";
				PRODUCT_BUNDLE_IDENTIFIER = "Louise.MemeMe-App-SampleTests";
				PRODUCT_NAME = "$(TARGET_NAME)";
				TEST_HOST = "$(BUILT_PRODUCTS_DIR)/MemeMe App Sample.app/MemeMe App Sample";
			};
			name = Debug;
		};
		C3EE32B61D2EAB6000BE8F50 /* Release */ = {
			isa = XCBuildConfiguration;
			buildSettings = {
				BUNDLE_LOADER = "$(TEST_HOST)";
				INFOPLIST_FILE = "MemeMe App SampleTests/Info.plist";
				LD_RUNPATH_SEARCH_PATHS = "$(inherited) @executable_path/Frameworks @loader_path/Frameworks";
				PRODUCT_BUNDLE_IDENTIFIER = "Louise.MemeMe-App-SampleTests";
				PRODUCT_NAME = "$(TARGET_NAME)";
				TEST_HOST = "$(BUILT_PRODUCTS_DIR)/MemeMe App Sample.app/MemeMe App Sample";
			};
			name = Release;
		};
		C3EE32B81D2EAB6100BE8F50 /* Debug */ = {
			isa = XCBuildConfiguration;
			buildSettings = {
				INFOPLIST_FILE = "MemeMe App SampleUITests/Info.plist";
				LD_RUNPATH_SEARCH_PATHS = "$(inherited) @executable_path/Frameworks @loader_path/Frameworks";
				PRODUCT_BUNDLE_IDENTIFIER = "Louise.MemeMe-App-SampleUITests";
				PRODUCT_NAME = "$(TARGET_NAME)";
				TEST_TARGET_NAME = "MemeMe App Sample";
			};
			name = Debug;
		};
		C3EE32B91D2EAB6100BE8F50 /* Release */ = {
			isa = XCBuildConfiguration;
			buildSettings = {
				INFOPLIST_FILE = "MemeMe App SampleUITests/Info.plist";
				LD_RUNPATH_SEARCH_PATHS = "$(inherited) @executable_path/Frameworks @loader_path/Frameworks";
				PRODUCT_BUNDLE_IDENTIFIER = "Louise.MemeMe-App-SampleUITests";
				PRODUCT_NAME = "$(TARGET_NAME)";
				TEST_TARGET_NAME = "MemeMe App Sample";
			};
			name = Release;
		};
/* End XCBuildConfiguration section */

/* Begin XCConfigurationList section */
		C3EE32841D2EAB5E00BE8F50 /* Build configuration list for PBXProject "MemeMe App Sample" */ = {
			isa = XCConfigurationList;
			buildConfigurations = (
				C3EE32AF1D2EAB6000BE8F50 /* Debug */,
				C3EE32B01D2EAB6000BE8F50 /* Release */,
			);
			defaultConfigurationIsVisible = 0;
			defaultConfigurationName = Release;
		};
		C3EE32B11D2EAB6000BE8F50 /* Build configuration list for PBXNativeTarget "MemeMe App Sample" */ = {
			isa = XCConfigurationList;
			buildConfigurations = (
				C3EE32B21D2EAB6000BE8F50 /* Debug */,
				C3EE32B31D2EAB6000BE8F50 /* Release */,
			);
			defaultConfigurationIsVisible = 0;
		};
		C3EE32B41D2EAB6000BE8F50 /* Build configuration list for PBXNativeTarget "MemeMe App SampleTests" */ = {
			isa = XCConfigurationList;
			buildConfigurations = (
				C3EE32B51D2EAB6000BE8F50 /* Debug */,
				C3EE32B61D2EAB6000BE8F50 /* Release */,
			);
			defaultConfigurationIsVisible = 0;
		};
		C3EE32B71D2EAB6100BE8F50 /* Build configuration list for PBXNativeTarget "MemeMe App SampleUITests" */ = {
			isa = XCConfigurationList;
			buildConfigurations = (
				C3EE32B81D2EAB6100BE8F50 /* Debug */,
				C3EE32B91D2EAB6100BE8F50 /* Release */,
			);
			defaultConfigurationIsVisible = 0;
		};
/* End XCConfigurationList section */
	};
	rootObject = C3EE32811D2EAB5E00BE8F50 /* Project object */;
}
